
Microsoft Visual Studio Solution File, Format Version 12.00
# Visual Studio 2013
VisualStudioVersion = 12.0.21005.1
MinimumVisualStudioVersion = 10.0.40219.1
Project("{FAE04EC0-301F-11D3-BF4B-00C04F79EFBC}") = "Latihan_1_1", "Latihan_1_1\Latihan_1_1.csproj", "{6C147882-D72F-4CAA-A56B-77CD0E99601C}"
EndProject
Project("{FAE04EC0-301F-11D3-BF4B-00C04F79EFBC}") = "Latihan_2_1", "Latihan_2_1\Latihan_2_1.csproj", "{5044404B-254F-4DAD-B742-68BF72C4B5EE}"
EndProject
Project("{FAE04EC0-301F-11D3-BF4B-00C04F79EFBC}") = "Latihan_3_1", "Latihan_3_1\Latihan_3_1.csproj", "{2F681AEF-F5E3-4C29-AFC3-A7377DEC3EA9}"
EndProject
Project("{FAE04EC0-301F-11D3-BF4B-00C04F79EFBC}") = "Latihan_4_1", "Latihan_4_1\Latihan_4_1.csproj", "{C74C15BA-7DCC-4D04-A681-4ABFD6C86601}"
EndProject
Project("{FAE04EC0-301F-11D3-BF4B-00C04F79EFBC}") = "Latihan_5_1", "Latihan_5_1\Latihan_5_1.csproj", "{6A5C5DA5-7BD2-4698-87BE-CCB959E176BB}"
EndProject
Project("{FAE04EC0-301F-11D3-BF4B-00C04F79EFBC}") = "volleyball_problem", "volleyball_problem\volleyball_problem.csproj", "{E37651C6-E0B7-49AF-8C18-51058C042C09}"
EndProject
Global
	GlobalSection(SolutionConfigurationPlatforms) = preSolution
		Debug|Any CPU = Debug|Any CPU
		Release|Any CPU = Release|Any CPU
	EndGlobalSection
	GlobalSection(ProjectConfigurationPlatforms) = postSolution
		{6C147882-D72F-4CAA-A56B-77CD0E99601C}.Debug|Any CPU.ActiveCfg = Debug|Any CPU
		{6C147882-D72F-4CAA-A56B-77CD0E99601C}.Debug|Any CPU.Build.0 = Debug|Any CPU
		{6C147882-D72F-4CAA-A56B-77CD0E99601C}.Release|Any CPU.ActiveCfg = Release|Any CPU
		{6C147882-D72F-4CAA-A56B-77CD0E99601C}.Release|Any CPU.Build.0 = Release|Any CPU
		{5044404B-254F-4DAD-B742-68BF72C4B5EE}.Debug|Any CPU.ActiveCfg = Debug|Any CPU
		{5044404B-254F-4DAD-B742-68BF72C4B5EE}.Debug|Any CPU.Build.0 = Debug|Any CPU
		{5044404B-254F-4DAD-B742-68BF72C4B5EE}.Release|Any CPU.ActiveCfg = Release|Any CPU
		{5044404B-254F-4DAD-B742-68BF72C4B5EE}.Release|Any CPU.Build.0 = Release|Any CPU
		{2F681AEF-F5E3-4C29-AFC3-A7377DEC3EA9}.Debug|Any CPU.ActiveCfg = Debug|Any CPU
		{2F681AEF-F5E3-4C29-AFC3-A7377DEC3EA9}.Debug|Any CPU.Build.0 = Debug|Any CPU
		{2F681AEF-F5E3-4C29-AFC3-A7377DEC3EA9}.Release|Any CPU.ActiveCfg = Release|Any CPU
		{2F681AEF-F5E3-4C29-AFC3-A7377DEC3EA9}.Release|Any CPU.Build.0 = Release|Any CPU
		{C74C15BA-7DCC-4D04-A681-4ABFD6C86601}.Debug|Any CPU.ActiveCfg = Debug|Any CPU
		{C74C15BA-7DCC-4D04-A681-4ABFD6C86601}.Debug|Any CPU.Build.0 = Debug|Any CPU
		{C74C15BA-7DCC-4D04-A681-4ABFD6C86601}.Release|Any CPU.ActiveCfg = Release|Any CPU
		{C74C15BA-7DCC-4D04-A681-4ABFD6C86601}.Release|Any CPU.Build.0 = Release|Any CPU
		{6A5C5DA5-7BD2-4698-87BE-CCB959E176BB}.Debug|Any CPU.ActiveCfg = Debug|Any CPU
		{6A5C5DA5-7BD2-4698-87BE-CCB959E176BB}.Debug|Any CPU.Build.0 = Debug|Any CPU
		{6A5C5DA5-7BD2-4698-87BE-CCB959E176BB}.Release|Any CPU.ActiveCfg = Release|Any CPU
		{6A5C5DA5-7BD2-4698-87BE-CCB959E176BB}.Release|Any CPU.Build.0 = Release|Any CPU
		{E37651C6-E0B7-49AF-8C18-51058C042C09}.Debug|Any CPU.ActiveCfg = Debug|Any CPU
		{E37651C6-E0B7-49AF-8C18-51058C042C09}.Debug|Any CPU.Build.0 = Debug|Any CPU
		{E37651C6-E0B7-49AF-8C18-51058C042C09}.Release|Any CPU.ActiveCfg = Release|Any CPU
		{E37651C6-E0B7-49AF-8C18-51058C042C09}.Release|Any CPU.Build.0 = Release|Any CPU
	EndGlobalSection
	GlobalSection(SolutionProperties) = preSolution
		HideSolutionNode = FALSE
	EndGlobalSection
EndGlobal
